{
    "requires": true,
    "lockfileVersion": 1,
    "dependencies": {
        "tinymce": {
            "version": "5.7.0",
            "resolved": "https://registry.npmjs.org/tinymce/-/tinymce-5.7.0.tgz",
            "integrity": "sha512-WikgMpJbqYPaucV3lfstCj+Y4NquZlK61gyuJ2eqDUBlSU+4fFh6rpwnelVTxuvtEyJsAVOl8HZmbzBfDJiLsQ=="
        }
    }
}
